
Microsoft Visual Studio Solution File, Format Version 12.00
# Visual Studio Version 16
VisualStudioVersion = 16.0.31025.194
MinimumVisualStudioVersion = 10.0.40219.1
Project("{FAE04EC0-301F-11D3-BF4B-00C04F79EFBC}") = "IrynaSkurkoOptoolProgram", "IrynaSkurkoOptoolProgram.csproj", "{1E32078E-CC79-4175-AFDC-DD9AB2B52C32}"
EndProject
Global
	GlobalSection(SolutionConfigurationPlatforms) = preSolution
		Debug|Any CPU = Debug|Any CPU
		Release|Any CPU = Release|Any CPU
	EndGlobalSection
	GlobalSection(ProjectConfigurationPlatforms) = postSolution
		{1E32078E-CC79-4175-AFDC-DD9AB2B52C32}.Debug|Any CPU.ActiveCfg = Debug|Any CPU
		{1E32078E-CC79-4175-AFDC-DD9AB2B52C32}.Debug|Any CPU.Build.0 = Debug|Any CPU
		{1E32078E-CC79-4175-AFDC-DD9AB2B52C32}.Release|Any CPU.ActiveCfg = Release|Any CPU
		{1E32078E-CC79-4175-AFDC-DD9AB2B52C32}.Release|Any CPU.Build.0 = Release|Any CPU
	EndGlobalSection
	GlobalSection(SolutionProperties) = preSolution
		HideSolutionNode = FALSE
	EndGlobalSection
	GlobalSection(ExtensibilityGlobals) = postSolution
		SolutionGuid = {BA32DA2B-6482-4BE1-AD7D-F5F989E454F5}
	EndGlobalSection
EndGlobal
